
Microsoft Visual Studio Solution File, Format Version 12.00
# Visual Studio Version 16
VisualStudioVersion = 16.0.29215.179
MinimumVisualStudioVersion = 10.0.40219.1
Project("{2150E333-8FDC-42A3-9474-1A3956D46DE8}") = "net", "net", "{F165880E-6932-49D3-8120-ED13C3DBA75C}"
EndProject
Project("{2150E333-8FDC-42A3-9474-1A3956D46DE8}") = "MVC", "MVC", "{170BA71F-4C06-4370-82FA-9591493D8372}"
EndProject
Project("{2150E333-8FDC-42A3-9474-1A3956D46DE8}") = "Core", "Core", "{EE05E46D-F9DA-4CD2-88B8-052153D065FA}"
EndProject
Project("{2150E333-8FDC-42A3-9474-1A3956D46DE8}") = "Bll", "Bll", "{6EA4BE2B-0F2C-45BC-883E-4646193C9600}"
EndProject
Project("{2150E333-8FDC-42A3-9474-1A3956D46DE8}") = "Dal", "Dal", "{503CE6DA-763D-42C9-B4A6-03A709C06383}"
EndProject
Project("{2150E333-8FDC-42A3-9474-1A3956D46DE8}") = "Common", "Common", "{8E05CA36-11BD-4BE1-A40A-E782623E30A0}"
EndProject
Project("{2150E333-8FDC-42A3-9474-1A3956D46DE8}") = "Cache", "Cache", "{4C64C2EA-DDAB-47A9-887E-50040A8E2BC9}"
EndProject
Project("{2150E333-8FDC-42A3-9474-1A3956D46DE8}") = "Models", "Models", "{10204D80-8C47-4A8A-A801-699EFC410361}"
EndProject
Project("{2150E333-8FDC-42A3-9474-1A3956D46DE8}") = "Builder", "Builder", "{A81F1358-1C0D-4DB0-AE12-B7E892E741B2}"
EndProject
Project("{2150E333-8FDC-42A3-9474-1A3956D46DE8}") = "Cache", "Cache", "{FC321444-8DC5-49CC-AFCF-27858AB0375B}"
EndProject
Project("{2150E333-8FDC-42A3-9474-1A3956D46DE8}") = "Util", "Util", "{67E2ECEF-7520-4AA0-8971-E35A9F6134F7}"
EndProject
Project("{FAE04EC0-301F-11D3-BF4B-00C04F79EFBC}") = "sys.Cache", "net\MVC\Common\Cache\sys.Cache\sys.Cache.csproj", "{5F042774-60CE-4021-BF30-F73081C59C61}"
EndProject
Project("{FAE04EC0-301F-11D3-BF4B-00C04F79EFBC}") = "sys.CodeGenerator", "net\MVC\Common\Builder\sys.CodeGenerator\sys.CodeGenerator.csproj", "{FD89AA8D-E7F1-4057-ACEE-BC9F2BC8219C}"
EndProject
Project("{FAE04EC0-301F-11D3-BF4B-00C04F79EFBC}") = "sys.Cache.Factory", "net\MVC\Common\Cache\sys.Cache.Factory\sys.Cache.Factory.csproj", "{985CA1D2-7F19-4134-B32F-E09165E445C0}"
EndProject
Project("{FAE04EC0-301F-11D3-BF4B-00C04F79EFBC}") = "sys.Cache.Redis", "net\MVC\Common\Cache\sys.Cache.Redis\sys.Cache.Redis.csproj", "{60E4EE85-1673-47E3-96D0-4F50B6B41EEA}"
EndProject
Project("{FAE04EC0-301F-11D3-BF4B-00C04F79EFBC}") = "sys.Util", "net\MVC\Common\Util\sys.Util\sys.Util.csproj", "{53BA4E71-DBFB-4187-95A7-8746F8BE130C}"
EndProject
Project("{FAE04EC0-301F-11D3-BF4B-00C04F79EFBC}") = "sys.Util.Extension", "net\MVC\Common\Util\sys.Util.Extension\sys.Util.Extension.csproj", "{E53B19F9-C0F1-410A-8173-0C1E757C15A6}"
EndProject
Project("{FAE04EC0-301F-11D3-BF4B-00C04F79EFBC}") = "sys.Util.FlowWork", "net\MVC\Common\Util\sys.Util.FlowWork\sys.Util.FlowWork.csproj", "{4B6454AB-0FDA-477D-B15D-50B71C9E8F53}"
EndProject
Project("{FAE04EC0-301F-11D3-BF4B-00C04F79EFBC}") = "sys.Util.Ioc", "net\MVC\Common\Util\sys.Util.Ioc\sys.Util.Ioc.csproj", "{73874804-62A8-4F33-8778-46AC8DDF1FDC}"
EndProject
Project("{FAE04EC0-301F-11D3-BF4B-00C04F79EFBC}") = "sys.Util.Log", "net\MVC\Common\Util\sys.Util.Log\sys.Util.Log.csproj", "{B39C4D63-DD75-4302-896C-04A2668C9260}"
EndProject
Project("{FAE04EC0-301F-11D3-BF4B-00C04F79EFBC}") = "sys.Util.NPOI", "net\MVC\Common\Util\sys.Util.NPOI\sys.Util.NPOI.csproj", "{BEAD9835-A258-40CE-8771-095BA5B151E9}"
EndProject
Project("{FAE04EC0-301F-11D3-BF4B-00C04F79EFBC}") = "sys.Util.Officce", "net\MVC\Common\Util\sys.Util.Officce\sys.Util.Officce.csproj", "{9CDE7AA5-2EE5-4106-B598-80F3836EA3BA}"
EndProject
Project("{FAE04EC0-301F-11D3-BF4B-00C04F79EFBC}") = "sys.Util.SignalR", "net\MVC\Common\Util\sys.Util.SignalR\sys.Util.SignalR.csproj", "{F6C67091-2F5B-470C-A0B3-FDB1A91D6D26}"
EndProject
Project("{FAE04EC0-301F-11D3-BF4B-00C04F79EFBC}") = "sys.Util.ToolGood.Words", "net\MVC\Common\Util\sys.Util.ToolGood.Words\sys.Util.ToolGood.Words.csproj", "{28176DDB-CEF0-4882-806F-612B60927357}"
EndProject
Project("{FAE04EC0-301F-11D3-BF4B-00C04F79EFBC}") = "sys.Util.WebControl", "net\MVC\Common\Util\sys.Util.WebControl\sys.Util.WebControl.csproj", "{50A91C48-73E0-4729-9400-F3791AB36B2D}"
EndProject
Project("{FAE04EC0-301F-11D3-BF4B-00C04F79EFBC}") = "sys.Util.WeChatSDK", "net\MVC\Common\Util\sys.Util.WeChatSDK\sys.Util.WeChatSDK.csproj", "{837DDC25-0AFE-473A-A634-BCED053A42F9}"
EndProject
Project("{2150E333-8FDC-42A3-9474-1A3956D46DE8}") = "Application", "Application", "{8E65E9BF-D5BC-49D8-952D-30BE8AC6CC42}"
EndProject
Project("{FAE04EC0-301F-11D3-BF4B-00C04F79EFBC}") = "sys.Application.Code", "net\MVC\Application\sys.Application.Code\sys.Application.Code.csproj", "{05F910C2-2BA4-493C-8AD4-CC2BDC39091B}"
EndProject
Project("{FAE04EC0-301F-11D3-BF4B-00C04F79EFBC}") = "sys.Bll", "net\MVC\Bll\sys.Bll\sys.Bll.csproj", "{3442CA08-5E80-418B-873C-7148C271AEEA}"
EndProject
Project("{FAE04EC0-301F-11D3-BF4B-00C04F79EFBC}") = "sys.Bll.Dapper", "net\MVC\Bll\sys.Bll.Dapper\sys.Bll.Dapper.csproj", "{CC896D94-9D8C-4BF5-99B8-25B236AFE840}"
EndProject
Project("{FAE04EC0-301F-11D3-BF4B-00C04F79EFBC}") = "sys.Bll.EF", "net\MVC\Bll\sys.Bll.EF\sys.Bll.EF.csproj", "{055BB51C-25D9-4F06-A6F3-F179FEC0530B}"
EndProject
Project("{FAE04EC0-301F-11D3-BF4B-00C04F79EFBC}") = "sys.Bll.Repository", "net\MVC\Bll\sys.Bll.Repository\sys.Bll.Repository.csproj", "{8E03CFBF-1018-4202-B55B-9F59D310DA27}"
EndProject
Project("{FAE04EC0-301F-11D3-BF4B-00C04F79EFBC}") = "sys.Dal.Cache", "net\MVC\Dal\Cache\sys.Dal.Cache\sys.Dal.Cache.csproj", "{1F0480DD-D68A-4DD3-AF66-44AE4A887719}"
EndProject
Project("{FAE04EC0-301F-11D3-BF4B-00C04F79EFBC}") = "sys.Dal.Entity", "net\MVC\Dal\Models\sys.Dal.Entity\sys.Dal.Entity.csproj", "{921F7805-8046-4DEC-AB7B-2A5F74F48E07}"
EndProject
Project("{FAE04EC0-301F-11D3-BF4B-00C04F79EFBC}") = "sys.Dal.Mapping", "net\MVC\Dal\Models\sys.Dal.Mapping\sys.Dal.Mapping.csproj", "{E9E318D7-0F26-47C5-844D-D545B826BF18}"
EndProject
Project("{FAE04EC0-301F-11D3-BF4B-00C04F79EFBC}") = "sys.Dal.Busines", "net\MVC\Dal\sys.Dal.Busines\sys.Dal.Busines.csproj", "{E165C86F-222B-4CB4-A173-B35DD98A4D75}"
EndProject
Project("{FAE04EC0-301F-11D3-BF4B-00C04F79EFBC}") = "sys.Dal.IService", "net\MVC\Dal\sys.Dal.IService\sys.Dal.IService.csproj", "{206E75AB-2021-4EF4-BDC3-86B9C71F77A3}"
EndProject
Project("{FAE04EC0-301F-11D3-BF4B-00C04F79EFBC}") = "sys.Dal.Service", "net\MVC\Dal\sys.Dal.Service\sys.Dal.Service.csproj", "{3520D8ED-DA28-4FB5-A9F8-FB1DA0ED364C}"
EndProject
Project("{FAE04EC0-301F-11D3-BF4B-00C04F79EFBC}") = "sys.Bll.SqlSugar", "net\MVC\Bll\sys.Bll.SqlSugar\sys.Bll.SqlSugar.csproj", "{6C92882C-E9C0-4440-8F01-0C71DEBDDE65}"
EndProject
Project("{FAE04EC0-301F-11D3-BF4B-00C04F79EFBC}") = "sys.Bll.Repository.SqlSugar", "net\MVC\Bll\sys.Bll.Repository.SqlSugar\sys.Bll.Repository.SqlSugar.csproj", "{A133C0AD-A05D-4961-97A8-A8DA9D33EA00}"
EndProject
Project("{FAE04EC0-301F-11D3-BF4B-00C04F79EFBC}") = "sys.Util.SqlSugar", "net\MVC\Common\Util\sys.Util.SqlSugar\sys.Util.SqlSugar.csproj", "{9AF03044-D9C8-4417-A88B-B544568704BA}"
EndProject
Project("{2150E333-8FDC-42A3-9474-1A3956D46DE8}") = "Throttle", "Throttle", "{30BDBFBA-A532-4A39-B799-A7F01BBB1E9B}"
EndProject
Project("{FAE04EC0-301F-11D3-BF4B-00C04F79EFBC}") = "sys.Throttle.MVC", "net\MVC\Throttle\sys.Throttle.MVC\sys.Throttle.MVC.csproj", "{7B8C3192-8310-4399-BA19-094E54AD037E}"
EndProject
Project("{FAE04EC0-301F-11D3-BF4B-00C04F79EFBC}") = "sys.Throttle.MVC.Demo", "net\MVC\Throttle\sys.Throttle.MVC.Demo\sys.Throttle.MVC.Demo.csproj", "{A4395A49-2E98-4160-B646-50C740BF9D48}"
EndProject
Project("{2150E333-8FDC-42A3-9474-1A3956D46DE8}") = "Throttle.API", "Throttle.API", "{EBC15E11-75D5-4BD6-91F7-372627486964}"
EndProject
Project("{FAE04EC0-301F-11D3-BF4B-00C04F79EFBC}") = "sys.Throttle.API", "net\MVC\Throttle\sys.Throttle.API\sys.Throttle.API.csproj", "{3803C1C0-77AF-4AA1-BE54-DB887CF1C50E}"
EndProject
Project("{FAE04EC0-301F-11D3-BF4B-00C04F79EFBC}") = "sys.Throttle.API.Demo", "net\MVC\Throttle\sys.Throttle.API.Demo\sys.Throttle.API.Demo.csproj", "{6294A303-5234-4160-BEAD-6CC73AF6E570}"
EndProject
Project("{2150E333-8FDC-42A3-9474-1A3956D46DE8}") = "WebApi", "WebApi", "{CDE53CB5-12CD-4672-9FB5-6216CD9622C6}"
EndProject
Project("{FAE04EC0-301F-11D3-BF4B-00C04F79EFBC}") = "sys.WebApi", "net\MVC\WebApi\sys.WebApi\sys.WebApi.csproj", "{08FC804A-EC72-44C0-A6D2-9901202EA531}"
EndProject
Project("{FAE04EC0-301F-11D3-BF4B-00C04F79EFBC}") = "Client", "net\MVC\WebApi\Client\Client.csproj", "{EB4EB1BA-B7E4-4044-889A-8F080789A3EC}"
EndProject
Global
	GlobalSection(SolutionConfigurationPlatforms) = preSolution
		Debug|Any CPU = Debug|Any CPU
		Release|Any CPU = Release|Any CPU
	EndGlobalSection
	GlobalSection(ProjectConfigurationPlatforms) = postSolution
		{5F042774-60CE-4021-BF30-F73081C59C61}.Debug|Any CPU.ActiveCfg = Debug|Any CPU
		{5F042774-60CE-4021-BF30-F73081C59C61}.Debug|Any CPU.Build.0 = Debug|Any CPU
		{5F042774-60CE-4021-BF30-F73081C59C61}.Release|Any CPU.ActiveCfg = Release|Any CPU
		{5F042774-60CE-4021-BF30-F73081C59C61}.Release|Any CPU.Build.0 = Release|Any CPU
		{FD89AA8D-E7F1-4057-ACEE-BC9F2BC8219C}.Debug|Any CPU.ActiveCfg = Debug|Any CPU
		{FD89AA8D-E7F1-4057-ACEE-BC9F2BC8219C}.Debug|Any CPU.Build.0 = Debug|Any CPU
		{FD89AA8D-E7F1-4057-ACEE-BC9F2BC8219C}.Release|Any CPU.ActiveCfg = Release|Any CPU
		{FD89AA8D-E7F1-4057-ACEE-BC9F2BC8219C}.Release|Any CPU.Build.0 = Release|Any CPU
		{985CA1D2-7F19-4134-B32F-E09165E445C0}.Debug|Any CPU.ActiveCfg = Debug|Any CPU
		{985CA1D2-7F19-4134-B32F-E09165E445C0}.Debug|Any CPU.Build.0 = Debug|Any CPU
		{985CA1D2-7F19-4134-B32F-E09165E445C0}.Release|Any CPU.ActiveCfg = Release|Any CPU
		{985CA1D2-7F19-4134-B32F-E09165E445C0}.Release|Any CPU.Build.0 = Release|Any CPU
		{60E4EE85-1673-47E3-96D0-4F50B6B41EEA}.Debug|Any CPU.ActiveCfg = Debug|Any CPU
		{60E4EE85-1673-47E3-96D0-4F50B6B41EEA}.Debug|Any CPU.Build.0 = Debug|Any CPU
		{60E4EE85-1673-47E3-96D0-4F50B6B41EEA}.Release|Any CPU.ActiveCfg = Release|Any CPU
		{60E4EE85-1673-47E3-96D0-4F50B6B41EEA}.Release|Any CPU.Build.0 = Release|Any CPU
		{53BA4E71-DBFB-4187-95A7-8746F8BE130C}.Debug|Any CPU.ActiveCfg = Debug|Any CPU
		{53BA4E71-DBFB-4187-95A7-8746F8BE130C}.Debug|Any CPU.Build.0 = Debug|Any CPU
		{53BA4E71-DBFB-4187-95A7-8746F8BE130C}.Release|Any CPU.ActiveCfg = Release|Any CPU
		{53BA4E71-DBFB-4187-95A7-8746F8BE130C}.Release|Any CPU.Build.0 = Release|Any CPU
		{E53B19F9-C0F1-410A-8173-0C1E757C15A6}.Debug|Any CPU.ActiveCfg = Debug|Any CPU
		{E53B19F9-C0F1-410A-8173-0C1E757C15A6}.Debug|Any CPU.Build.0 = Debug|Any CPU
		{E53B19F9-C0F1-410A-8173-0C1E757C15A6}.Release|Any CPU.ActiveCfg = Release|Any CPU
		{E53B19F9-C0F1-410A-8173-0C1E757C15A6}.Release|Any CPU.Build.0 = Release|Any CPU
		{4B6454AB-0FDA-477D-B15D-50B71C9E8F53}.Debug|Any CPU.ActiveCfg = Debug|Any CPU
		{4B6454AB-0FDA-477D-B15D-50B71C9E8F53}.Debug|Any CPU.Build.0 = Debug|Any CPU
		{4B6454AB-0FDA-477D-B15D-50B71C9E8F53}.Release|Any CPU.ActiveCfg = Release|Any CPU
		{4B6454AB-0FDA-477D-B15D-50B71C9E8F53}.Release|Any CPU.Build.0 = Release|Any CPU
		{73874804-62A8-4F33-8778-46AC8DDF1FDC}.Debug|Any CPU.ActiveCfg = Debug|Any CPU
		{73874804-62A8-4F33-8778-46AC8DDF1FDC}.Debug|Any CPU.Build.0 = Debug|Any CPU
		{73874804-62A8-4F33-8778-46AC8DDF1FDC}.Release|Any CPU.ActiveCfg = Release|Any CPU
		{73874804-62A8-4F33-8778-46AC8DDF1FDC}.Release|Any CPU.Build.0 = Release|Any CPU
		{B39C4D63-DD75-4302-896C-04A2668C9260}.Debug|Any CPU.ActiveCfg = Debug|Any CPU
		{B39C4D63-DD75-4302-896C-04A2668C9260}.Debug|Any CPU.Build.0 = Debug|Any CPU
		{B39C4D63-DD75-4302-896C-04A2668C9260}.Release|Any CPU.ActiveCfg = Release|Any CPU
		{B39C4D63-DD75-4302-896C-04A2668C9260}.Release|Any CPU.Build.0 = Release|Any CPU
		{BEAD9835-A258-40CE-8771-095BA5B151E9}.Debug|Any CPU.ActiveCfg = Debug|Any CPU
		{BEAD9835-A258-40CE-8771-095BA5B151E9}.Debug|Any CPU.Build.0 = Debug|Any CPU
		{BEAD9835-A258-40CE-8771-095BA5B151E9}.Release|Any CPU.ActiveCfg = Release|Any CPU
		{BEAD9835-A258-40CE-8771-095BA5B151E9}.Release|Any CPU.Build.0 = Release|Any CPU
		{9CDE7AA5-2EE5-4106-B598-80F3836EA3BA}.Debug|Any CPU.ActiveCfg = Debug|Any CPU
		{9CDE7AA5-2EE5-4106-B598-80F3836EA3BA}.Debug|Any CPU.Build.0 = Debug|Any CPU
		{9CDE7AA5-2EE5-4106-B598-80F3836EA3BA}.Release|Any CPU.ActiveCfg = Release|Any CPU
		{9CDE7AA5-2EE5-4106-B598-80F3836EA3BA}.Release|Any CPU.Build.0 = Release|Any CPU
		{F6C67091-2F5B-470C-A0B3-FDB1A91D6D26}.Debug|Any CPU.ActiveCfg = Debug|Any CPU
		{F6C67091-2F5B-470C-A0B3-FDB1A91D6D26}.Debug|Any CPU.Build.0 = Debug|Any CPU
		{F6C67091-2F5B-470C-A0B3-FDB1A91D6D26}.Release|Any CPU.ActiveCfg = Release|Any CPU
		{F6C67091-2F5B-470C-A0B3-FDB1A91D6D26}.Release|Any CPU.Build.0 = Release|Any CPU
		{28176DDB-CEF0-4882-806F-612B60927357}.Debug|Any CPU.ActiveCfg = Debug|Any CPU
		{28176DDB-CEF0-4882-806F-612B60927357}.Debug|Any CPU.Build.0 = Debug|Any CPU
		{28176DDB-CEF0-4882-806F-612B60927357}.Release|Any CPU.ActiveCfg = Release|Any CPU
		{28176DDB-CEF0-4882-806F-612B60927357}.Release|Any CPU.Build.0 = Release|Any CPU
		{50A91C48-73E0-4729-9400-F3791AB36B2D}.Debug|Any CPU.ActiveCfg = Debug|Any CPU
		{50A91C48-73E0-4729-9400-F3791AB36B2D}.Debug|Any CPU.Build.0 = Debug|Any CPU
		{50A91C48-73E0-4729-9400-F3791AB36B2D}.Release|Any CPU.ActiveCfg = Release|Any CPU
		{50A91C48-73E0-4729-9400-F3791AB36B2D}.Release|Any CPU.Build.0 = Release|Any CPU
		{837DDC25-0AFE-473A-A634-BCED053A42F9}.Debug|Any CPU.ActiveCfg = Debug|Any CPU
		{837DDC25-0AFE-473A-A634-BCED053A42F9}.Debug|Any CPU.Build.0 = Debug|Any CPU
		{837DDC25-0AFE-473A-A634-BCED053A42F9}.Release|Any CPU.ActiveCfg = Release|Any CPU
		{837DDC25-0AFE-473A-A634-BCED053A42F9}.Release|Any CPU.Build.0 = Release|Any CPU
		{05F910C2-2BA4-493C-8AD4-CC2BDC39091B}.Debug|Any CPU.ActiveCfg = Debug|Any CPU
		{05F910C2-2BA4-493C-8AD4-CC2BDC39091B}.Debug|Any CPU.Build.0 = Debug|Any CPU
		{05F910C2-2BA4-493C-8AD4-CC2BDC39091B}.Release|Any CPU.ActiveCfg = Release|Any CPU
		{05F910C2-2BA4-493C-8AD4-CC2BDC39091B}.Release|Any CPU.Build.0 = Release|Any CPU
		{3442CA08-5E80-418B-873C-7148C271AEEA}.Debug|Any CPU.ActiveCfg = Debug|Any CPU
		{3442CA08-5E80-418B-873C-7148C271AEEA}.Debug|Any CPU.Build.0 = Debug|Any CPU
		{3442CA08-5E80-418B-873C-7148C271AEEA}.Release|Any CPU.ActiveCfg = Release|Any CPU
		{3442CA08-5E80-418B-873C-7148C271AEEA}.Release|Any CPU.Build.0 = Release|Any CPU
		{CC896D94-9D8C-4BF5-99B8-25B236AFE840}.Debug|Any CPU.ActiveCfg = Debug|Any CPU
		{CC896D94-9D8C-4BF5-99B8-25B236AFE840}.Debug|Any CPU.Build.0 = Debug|Any CPU
		{CC896D94-9D8C-4BF5-99B8-25B236AFE840}.Release|Any CPU.ActiveCfg = Release|Any CPU
		{CC896D94-9D8C-4BF5-99B8-25B236AFE840}.Release|Any CPU.Build.0 = Release|Any CPU
		{055BB51C-25D9-4F06-A6F3-F179FEC0530B}.Debug|Any CPU.ActiveCfg = Debug|Any CPU
		{055BB51C-25D9-4F06-A6F3-F179FEC0530B}.Debug|Any CPU.Build.0 = Debug|Any CPU
		{055BB51C-25D9-4F06-A6F3-F179FEC0530B}.Release|Any CPU.ActiveCfg = Release|Any CPU
		{055BB51C-25D9-4F06-A6F3-F179FEC0530B}.Release|Any CPU.Build.0 = Release|Any CPU
		{8E03CFBF-1018-4202-B55B-9F59D310DA27}.Debug|Any CPU.ActiveCfg = Debug|Any CPU
		{8E03CFBF-1018-4202-B55B-9F59D310DA27}.Debug|Any CPU.Build.0 = Debug|Any CPU
		{8E03CFBF-1018-4202-B55B-9F59D310DA27}.Release|Any CPU.ActiveCfg = Release|Any CPU
		{8E03CFBF-1018-4202-B55B-9F59D310DA27}.Release|Any CPU.Build.0 = Release|Any CPU
		{1F0480DD-D68A-4DD3-AF66-44AE4A887719}.Debug|Any CPU.ActiveCfg = Debug|Any CPU
		{1F0480DD-D68A-4DD3-AF66-44AE4A887719}.Debug|Any CPU.Build.0 = Debug|Any CPU
		{1F0480DD-D68A-4DD3-AF66-44AE4A887719}.Release|Any CPU.ActiveCfg = Release|Any CPU
		{1F0480DD-D68A-4DD3-AF66-44AE4A887719}.Release|Any CPU.Build.0 = Release|Any CPU
		{921F7805-8046-4DEC-AB7B-2A5F74F48E07}.Debug|Any CPU.ActiveCfg = Debug|Any CPU
		{921F7805-8046-4DEC-AB7B-2A5F74F48E07}.Debug|Any CPU.Build.0 = Debug|Any CPU
		{921F7805-8046-4DEC-AB7B-2A5F74F48E07}.Release|Any CPU.ActiveCfg = Release|Any CPU
		{921F7805-8046-4DEC-AB7B-2A5F74F48E07}.Release|Any CPU.Build.0 = Release|Any CPU
		{E9E318D7-0F26-47C5-844D-D545B826BF18}.Debug|Any CPU.ActiveCfg = Debug|Any CPU
		{E9E318D7-0F26-47C5-844D-D545B826BF18}.Debug|Any CPU.Build.0 = Debug|Any CPU
		{E9E318D7-0F26-47C5-844D-D545B826BF18}.Release|Any CPU.ActiveCfg = Release|Any CPU
		{E9E318D7-0F26-47C5-844D-D545B826BF18}.Release|Any CPU.Build.0 = Release|Any CPU
		{E165C86F-222B-4CB4-A173-B35DD98A4D75}.Debug|Any CPU.ActiveCfg = Debug|Any CPU
		{E165C86F-222B-4CB4-A173-B35DD98A4D75}.Debug|Any CPU.Build.0 = Debug|Any CPU
		{E165C86F-222B-4CB4-A173-B35DD98A4D75}.Release|Any CPU.ActiveCfg = Release|Any CPU
		{E165C86F-222B-4CB4-A173-B35DD98A4D75}.Release|Any CPU.Build.0 = Release|Any CPU
		{206E75AB-2021-4EF4-BDC3-86B9C71F77A3}.Debug|Any CPU.ActiveCfg = Debug|Any CPU
		{206E75AB-2021-4EF4-BDC3-86B9C71F77A3}.Debug|Any CPU.Build.0 = Debug|Any CPU
		{206E75AB-2021-4EF4-BDC3-86B9C71F77A3}.Release|Any CPU.ActiveCfg = Release|Any CPU
		{206E75AB-2021-4EF4-BDC3-86B9C71F77A3}.Release|Any CPU.Build.0 = Release|Any CPU
		{3520D8ED-DA28-4FB5-A9F8-FB1DA0ED364C}.Debug|Any CPU.ActiveCfg = Debug|Any CPU
		{3520D8ED-DA28-4FB5-A9F8-FB1DA0ED364C}.Debug|Any CPU.Build.0 = Debug|Any CPU
		{3520D8ED-DA28-4FB5-A9F8-FB1DA0ED364C}.Release|Any CPU.ActiveCfg = Release|Any CPU
		{3520D8ED-DA28-4FB5-A9F8-FB1DA0ED364C}.Release|Any CPU.Build.0 = Release|Any CPU
		{6C92882C-E9C0-4440-8F01-0C71DEBDDE65}.Debug|Any CPU.ActiveCfg = Debug|Any CPU
		{6C92882C-E9C0-4440-8F01-0C71DEBDDE65}.Debug|Any CPU.Build.0 = Debug|Any CPU
		{6C92882C-E9C0-4440-8F01-0C71DEBDDE65}.Release|Any CPU.ActiveCfg = Release|Any CPU
		{6C92882C-E9C0-4440-8F01-0C71DEBDDE65}.Release|Any CPU.Build.0 = Release|Any CPU
		{A133C0AD-A05D-4961-97A8-A8DA9D33EA00}.Debug|Any CPU.ActiveCfg = Debug|Any CPU
		{A133C0AD-A05D-4961-97A8-A8DA9D33EA00}.Debug|Any CPU.Build.0 = Debug|Any CPU
		{A133C0AD-A05D-4961-97A8-A8DA9D33EA00}.Release|Any CPU.ActiveCfg = Release|Any CPU
		{A133C0AD-A05D-4961-97A8-A8DA9D33EA00}.Release|Any CPU.Build.0 = Release|Any CPU
		{9AF03044-D9C8-4417-A88B-B544568704BA}.Debug|Any CPU.ActiveCfg = Debug|Any CPU
		{9AF03044-D9C8-4417-A88B-B544568704BA}.Debug|Any CPU.Build.0 = Debug|Any CPU
		{9AF03044-D9C8-4417-A88B-B544568704BA}.Release|Any CPU.ActiveCfg = Release|Any CPU
		{9AF03044-D9C8-4417-A88B-B544568704BA}.Release|Any CPU.Build.0 = Release|Any CPU
		{7B8C3192-8310-4399-BA19-094E54AD037E}.Debug|Any CPU.ActiveCfg = Debug|Any CPU
		{7B8C3192-8310-4399-BA19-094E54AD037E}.Debug|Any CPU.Build.0 = Debug|Any CPU
		{7B8C3192-8310-4399-BA19-094E54AD037E}.Release|Any CPU.ActiveCfg = Release|Any CPU
		{7B8C3192-8310-4399-BA19-094E54AD037E}.Release|Any CPU.Build.0 = Release|Any CPU
		{A4395A49-2E98-4160-B646-50C740BF9D48}.Debug|Any CPU.ActiveCfg = Debug|Any CPU
		{A4395A49-2E98-4160-B646-50C740BF9D48}.Debug|Any CPU.Build.0 = Debug|Any CPU
		{A4395A49-2E98-4160-B646-50C740BF9D48}.Release|Any CPU.ActiveCfg = Release|Any CPU
		{A4395A49-2E98-4160-B646-50C740BF9D48}.Release|Any CPU.Build.0 = Release|Any CPU
		{3803C1C0-77AF-4AA1-BE54-DB887CF1C50E}.Debug|Any CPU.ActiveCfg = Debug|Any CPU
		{3803C1C0-77AF-4AA1-BE54-DB887CF1C50E}.Debug|Any CPU.Build.0 = Debug|Any CPU
		{3803C1C0-77AF-4AA1-BE54-DB887CF1C50E}.Release|Any CPU.ActiveCfg = Release|Any CPU
		{3803C1C0-77AF-4AA1-BE54-DB887CF1C50E}.Release|Any CPU.Build.0 = Release|Any CPU
		{6294A303-5234-4160-BEAD-6CC73AF6E570}.Debug|Any CPU.ActiveCfg = Debug|Any CPU
		{6294A303-5234-4160-BEAD-6CC73AF6E570}.Debug|Any CPU.Build.0 = Debug|Any CPU
		{6294A303-5234-4160-BEAD-6CC73AF6E570}.Release|Any CPU.ActiveCfg = Release|Any CPU
		{6294A303-5234-4160-BEAD-6CC73AF6E570}.Release|Any CPU.Build.0 = Release|Any CPU
		{08FC804A-EC72-44C0-A6D2-9901202EA531}.Debug|Any CPU.ActiveCfg = Debug|Any CPU
		{08FC804A-EC72-44C0-A6D2-9901202EA531}.Debug|Any CPU.Build.0 = Debug|Any CPU
		{08FC804A-EC72-44C0-A6D2-9901202EA531}.Release|Any CPU.ActiveCfg = Release|Any CPU
		{08FC804A-EC72-44C0-A6D2-9901202EA531}.Release|Any CPU.Build.0 = Release|Any CPU
		{EB4EB1BA-B7E4-4044-889A-8F080789A3EC}.Debug|Any CPU.ActiveCfg = Debug|Any CPU
		{EB4EB1BA-B7E4-4044-889A-8F080789A3EC}.Debug|Any CPU.Build.0 = Debug|Any CPU
		{EB4EB1BA-B7E4-4044-889A-8F080789A3EC}.Release|Any CPU.ActiveCfg = Release|Any CPU
		{EB4EB1BA-B7E4-4044-889A-8F080789A3EC}.Release|Any CPU.Build.0 = Release|Any CPU
	EndGlobalSection
	GlobalSection(SolutionProperties) = preSolution
		HideSolutionNode = FALSE
	EndGlobalSection
	GlobalSection(NestedProjects) = preSolution
		{170BA71F-4C06-4370-82FA-9591493D8372} = {F165880E-6932-49D3-8120-ED13C3DBA75C}
		{EE05E46D-F9DA-4CD2-88B8-052153D065FA} = {F165880E-6932-49D3-8120-ED13C3DBA75C}
		{6EA4BE2B-0F2C-45BC-883E-4646193C9600} = {170BA71F-4C06-4370-82FA-9591493D8372}
		{503CE6DA-763D-42C9-B4A6-03A709C06383} = {170BA71F-4C06-4370-82FA-9591493D8372}
		{8E05CA36-11BD-4BE1-A40A-E782623E30A0} = {170BA71F-4C06-4370-82FA-9591493D8372}
		{4C64C2EA-DDAB-47A9-887E-50040A8E2BC9} = {503CE6DA-763D-42C9-B4A6-03A709C06383}
		{10204D80-8C47-4A8A-A801-699EFC410361} = {503CE6DA-763D-42C9-B4A6-03A709C06383}
		{A81F1358-1C0D-4DB0-AE12-B7E892E741B2} = {8E05CA36-11BD-4BE1-A40A-E782623E30A0}
		{FC321444-8DC5-49CC-AFCF-27858AB0375B} = {8E05CA36-11BD-4BE1-A40A-E782623E30A0}
		{67E2ECEF-7520-4AA0-8971-E35A9F6134F7} = {8E05CA36-11BD-4BE1-A40A-E782623E30A0}
		{5F042774-60CE-4021-BF30-F73081C59C61} = {FC321444-8DC5-49CC-AFCF-27858AB0375B}
		{FD89AA8D-E7F1-4057-ACEE-BC9F2BC8219C} = {A81F1358-1C0D-4DB0-AE12-B7E892E741B2}
		{985CA1D2-7F19-4134-B32F-E09165E445C0} = {FC321444-8DC5-49CC-AFCF-27858AB0375B}
		{60E4EE85-1673-47E3-96D0-4F50B6B41EEA} = {FC321444-8DC5-49CC-AFCF-27858AB0375B}
		{53BA4E71-DBFB-4187-95A7-8746F8BE130C} = {67E2ECEF-7520-4AA0-8971-E35A9F6134F7}
		{E53B19F9-C0F1-410A-8173-0C1E757C15A6} = {67E2ECEF-7520-4AA0-8971-E35A9F6134F7}
		{4B6454AB-0FDA-477D-B15D-50B71C9E8F53} = {67E2ECEF-7520-4AA0-8971-E35A9F6134F7}
		{73874804-62A8-4F33-8778-46AC8DDF1FDC} = {67E2ECEF-7520-4AA0-8971-E35A9F6134F7}
		{B39C4D63-DD75-4302-896C-04A2668C9260} = {67E2ECEF-7520-4AA0-8971-E35A9F6134F7}
		{BEAD9835-A258-40CE-8771-095BA5B151E9} = {67E2ECEF-7520-4AA0-8971-E35A9F6134F7}
		{9CDE7AA5-2EE5-4106-B598-80F3836EA3BA} = {67E2ECEF-7520-4AA0-8971-E35A9F6134F7}
		{F6C67091-2F5B-470C-A0B3-FDB1A91D6D26} = {67E2ECEF-7520-4AA0-8971-E35A9F6134F7}
		{28176DDB-CEF0-4882-806F-612B60927357} = {67E2ECEF-7520-4AA0-8971-E35A9F6134F7}
		{50A91C48-73E0-4729-9400-F3791AB36B2D} = {67E2ECEF-7520-4AA0-8971-E35A9F6134F7}
		{837DDC25-0AFE-473A-A634-BCED053A42F9} = {67E2ECEF-7520-4AA0-8971-E35A9F6134F7}
		{8E65E9BF-D5BC-49D8-952D-30BE8AC6CC42} = {170BA71F-4C06-4370-82FA-9591493D8372}
		{05F910C2-2BA4-493C-8AD4-CC2BDC39091B} = {8E65E9BF-D5BC-49D8-952D-30BE8AC6CC42}
		{3442CA08-5E80-418B-873C-7148C271AEEA} = {6EA4BE2B-0F2C-45BC-883E-4646193C9600}
		{CC896D94-9D8C-4BF5-99B8-25B236AFE840} = {6EA4BE2B-0F2C-45BC-883E-4646193C9600}
		{055BB51C-25D9-4F06-A6F3-F179FEC0530B} = {6EA4BE2B-0F2C-45BC-883E-4646193C9600}
		{8E03CFBF-1018-4202-B55B-9F59D310DA27} = {6EA4BE2B-0F2C-45BC-883E-4646193C9600}
		{1F0480DD-D68A-4DD3-AF66-44AE4A887719} = {4C64C2EA-DDAB-47A9-887E-50040A8E2BC9}
		{921F7805-8046-4DEC-AB7B-2A5F74F48E07} = {10204D80-8C47-4A8A-A801-699EFC410361}
		{E9E318D7-0F26-47C5-844D-D545B826BF18} = {10204D80-8C47-4A8A-A801-699EFC410361}
		{E165C86F-222B-4CB4-A173-B35DD98A4D75} = {503CE6DA-763D-42C9-B4A6-03A709C06383}
		{206E75AB-2021-4EF4-BDC3-86B9C71F77A3} = {503CE6DA-763D-42C9-B4A6-03A709C06383}
		{3520D8ED-DA28-4FB5-A9F8-FB1DA0ED364C} = {503CE6DA-763D-42C9-B4A6-03A709C06383}
		{6C92882C-E9C0-4440-8F01-0C71DEBDDE65} = {6EA4BE2B-0F2C-45BC-883E-4646193C9600}
		{A133C0AD-A05D-4961-97A8-A8DA9D33EA00} = {6EA4BE2B-0F2C-45BC-883E-4646193C9600}
		{9AF03044-D9C8-4417-A88B-B544568704BA} = {67E2ECEF-7520-4AA0-8971-E35A9F6134F7}
		{30BDBFBA-A532-4A39-B799-A7F01BBB1E9B} = {170BA71F-4C06-4370-82FA-9591493D8372}
		{7B8C3192-8310-4399-BA19-094E54AD037E} = {30BDBFBA-A532-4A39-B799-A7F01BBB1E9B}
		{A4395A49-2E98-4160-B646-50C740BF9D48} = {30BDBFBA-A532-4A39-B799-A7F01BBB1E9B}
		{EBC15E11-75D5-4BD6-91F7-372627486964} = {30BDBFBA-A532-4A39-B799-A7F01BBB1E9B}
		{3803C1C0-77AF-4AA1-BE54-DB887CF1C50E} = {EBC15E11-75D5-4BD6-91F7-372627486964}
		{6294A303-5234-4160-BEAD-6CC73AF6E570} = {EBC15E11-75D5-4BD6-91F7-372627486964}
		{CDE53CB5-12CD-4672-9FB5-6216CD9622C6} = {170BA71F-4C06-4370-82FA-9591493D8372}
		{08FC804A-EC72-44C0-A6D2-9901202EA531} = {CDE53CB5-12CD-4672-9FB5-6216CD9622C6}
		{EB4EB1BA-B7E4-4044-889A-8F080789A3EC} = {CDE53CB5-12CD-4672-9FB5-6216CD9622C6}
	EndGlobalSection
	GlobalSection(ExtensibilityGlobals) = postSolution
		SolutionGuid = {4A45A3E7-0ECA-42D7-83B6-75B7317B320A}
	EndGlobalSection
EndGlobal
