
Microsoft Visual Studio Solution File, Format Version 12.00
# Visual Studio 15
VisualStudioVersion = 15.0.28307.438
MinimumVisualStudioVersion = 10.0.40219.1
Project("{FAE04EC0-301F-11D3-BF4B-00C04F79EFBC}") = "sys.WebApi", "sys.WebApi\sys.WebApi.csproj", "{08FC804A-EC72-44C0-A6D2-9901202EA531}"
EndProject
Project("{FAE04EC0-301F-11D3-BF4B-00C04F79EFBC}") = "Client", "Client\Client.csproj", "{EB4EB1BA-B7E4-4044-889A-8F080789A3EC}"
EndProject
Global
	GlobalSection(SolutionConfigurationPlatforms) = preSolution
		Debug|Any CPU = Debug|Any CPU
		Release|Any CPU = Release|Any CPU
	EndGlobalSection
	GlobalSection(ProjectConfigurationPlatforms) = postSolution
		{08FC804A-EC72-44C0-A6D2-9901202EA531}.Debug|Any CPU.ActiveCfg = Debug|Any CPU
		{08FC804A-EC72-44C0-A6D2-9901202EA531}.Debug|Any CPU.Build.0 = Debug|Any CPU
		{08FC804A-EC72-44C0-A6D2-9901202EA531}.Release|Any CPU.ActiveCfg = Release|Any CPU
		{08FC804A-EC72-44C0-A6D2-9901202EA531}.Release|Any CPU.Build.0 = Release|Any CPU
		{EB4EB1BA-B7E4-4044-889A-8F080789A3EC}.Debug|Any CPU.ActiveCfg = Debug|Any CPU
		{EB4EB1BA-B7E4-4044-889A-8F080789A3EC}.Debug|Any CPU.Build.0 = Debug|Any CPU
		{EB4EB1BA-B7E4-4044-889A-8F080789A3EC}.Release|Any CPU.ActiveCfg = Release|Any CPU
		{EB4EB1BA-B7E4-4044-889A-8F080789A3EC}.Release|Any CPU.Build.0 = Release|Any CPU
	EndGlobalSection
	GlobalSection(SolutionProperties) = preSolution
		HideSolutionNode = FALSE
	EndGlobalSection
	GlobalSection(ExtensibilityGlobals) = postSolution
		SolutionGuid = {4A45A3E7-0ECA-42D7-83B6-75B7317B320A}
	EndGlobalSection
EndGlobal
